# @generated - this file is auto-generated by `mise lock` https://mise.jdx.dev/dev-tools/mise-lock.html

[[tools."aqua:google/yamlfmt"]]
version = "0.21.0"
backend = "aqua:google/yamlfmt"

[[tools.biome]]
version = "2.5.13"
backend = "aqua:biomejs/biome"

[[tools.bun]]
version = "1.4.0"
backend = "core:bun"

[[tools.hk]]
version = "1.56.0"
backend = "aqua:jdx/hk"

[[tools.pkl]]
version = "0.32.1"
backend = "aqua:apple/pkl"

[[tools.rumdl]]
version = "0.2.55"
backend = "aqua:rvben/rumdl"

[[tools.shellcheck]]
version = "0.11.0"
backend = "aqua:koalaman/shellcheck"

[[tools.shfmt]]
version = "3.13.1"
backend = "aqua:mvdan/sh"

[[tools.taplo]]
version = "0.10.0"
backend = "aqua:tamasfe/taplo"
